{
  "version": 4,
  "terraform_version": "1.0.0",
  "serial": 1898,
  "lineage": "913f19bd-aace-c032-0e9a-9c39e4eced95",
  "outputs": {},
  "resources": [
    {
      "mode": "managed",
      "type": "aws_cloudwatch_event_rule",
      "name": "sample",
      "provider": "provider[\"registry.terraform.io/hashicorp/aws\"]",
      "instances": [
        {
          "schema_version": 0,
          "attributes": {
            "arn": "arn:aws:events:ap-northeast-1:823104559115:rule/sample",
            "description": "sample",
            "event_bus_name": "default",
            "event_pattern": null,
            "id": "sample",
            "is_enabled": true,
            "name": "sample",
            "name_prefix": "",
            "role_arn": "",
            "schedule_expression": "cron(0 1 * * ? *)",
            "tags": {},
            "tags_all": {}
          },
          "sensitive_attributes": [],
          "private": "bnVsbA=="
        }
      ]
    },
    {
      "mode": "managed",
      "type": "aws_cloudwatch_event_target",
      "name": "sample",
      "provider": "provider[\"registry.terraform.io/hashicorp/aws\"]",
      "instances": [
        {
          "schema_version": 1,
          "attributes": {
            "arn": "arn:aws:lambda:ap-northeast-1:823104559115:function:lambda_read_dynamodb",
            "batch_target": [],
            "dead_letter_config": [],
            "ecs_target": [],
            "event_bus_name": "default",
            "http_target": [],
            "id": "sample-lambda_read_dynamodb",
            "input": "",
            "input_path": "",
            "input_transformer": [],
            "kinesis_target": [],
            "redshift_target": [],
            "retry_policy": [],
            "role_arn": "",
            "rule": "sample",
            "run_command_targets": [],
            "sqs_target": [],
            "target_id": "lambda_read_dynamodb"
          },
          "sensitive_attributes": [],
          "private": "eyJzY2hlbWFfdmVyc2lvbiI6IjEifQ==",
          "dependencies": [
            "aws_iam_role.iam_for_lambda",
            "aws_lambda_function.lambda_read_dynamodb",
            "null_resource.ecr_lambda_push",
            "aws_cloudwatch_event_rule.sample",
            "aws_ecr_repository.lambda_read_dynamodb"
          ]
        }
      ]
    },
    {
      "mode": "managed",
      "type": "aws_cloudwatch_log_group",
      "name": "lambda_Check",
      "provider": "provider[\"registry.terraform.io/hashicorp/aws\"]",
      "instances": [
        {
          "schema_version": 0,
          "attributes": {
            "arn": "arn:aws:logs:ap-northeast-1:823104559115:log-group:/aws/lambda/lambda_Check",
            "id": "/aws/lambda/lambda_Check",
            "kms_key_id": "",
            "name": "/aws/lambda/lambda_Check",
            "name_prefix": null,
            "retention_in_days": 7,
            "tags": {},
            "tags_all": {}
          },
          "sensitive_attributes": [],
          "private": "bnVsbA=="
        }
      ]
    },
    {
      "mode": "managed",
      "type": "aws_cloudwatch_log_group",
      "name": "lambda_Crawling",
      "provider": "provider[\"registry.terraform.io/hashicorp/aws\"]",
      "instances": [
        {
          "schema_version": 0,
          "attributes": {
            "arn": "arn:aws:logs:ap-northeast-1:823104559115:log-group:/aws/lambda/lambda_Crawling",
            "id": "/aws/lambda/lambda_Crawling",
            "kms_key_id": "",
            "name": "/aws/lambda/lambda_Crawling",
            "name_prefix": null,
            "retention_in_days": 7,
            "tags": {},
            "tags_all": {}
          },
          "sensitive_attributes": [],
          "private": "bnVsbA=="
        }
      ]
    },
    {
      "mode": "managed",
      "type": "aws_cloudwatch_log_group",
      "name": "lambda_read_dynamodb",
      "provider": "provider[\"registry.terraform.io/hashicorp/aws\"]",
      "instances": [
        {
          "schema_version": 0,
          "attributes": {
            "arn": "arn:aws:logs:ap-northeast-1:823104559115:log-group:/aws/lambda/lambda_read_dynamodb",
            "id": "/aws/lambda/lambda_read_dynamodb",
            "kms_key_id": "",
            "name": "/aws/lambda/lambda_read_dynamodb",
            "name_prefix": null,
            "retention_in_days": 7,
            "tags": {},
            "tags_all": {}
          },
          "sensitive_attributes": [],
          "private": "bnVsbA=="
        }
      ]
    },
    {
      "mode": "managed",
      "type": "aws_ecr_repository",
      "name": "lambda_Check",
      "provider": "provider[\"registry.terraform.io/hashicorp/aws\"]",
      "instances": [
        {
          "schema_version": 0,
          "attributes": {
            "arn": "arn:aws:ecr:ap-northeast-1:823104559115:repository/lambda_check",
            "encryption_configuration": [
              {
                "encryption_type": "AES256",
                "kms_key": ""
              }
            ],
            "id": "lambda_check",
            "image_scanning_configuration": [
              {
                "scan_on_push": true
              }
            ],
            "image_tag_mutability": "MUTABLE",
            "name": "lambda_check",
            "registry_id": "823104559115",
            "repository_url": "823104559115.dkr.ecr.ap-northeast-1.amazonaws.com/lambda_check",
            "tags": {},
            "tags_all": {},
            "timeouts": null
          },
          "sensitive_attributes": [],
          "private": "eyJlMmJmYjczMC1lY2FhLTExZTYtOGY4OC0zNDM2M2JjN2M0YzAiOnsiZGVsZXRlIjoxMjAwMDAwMDAwMDAwfX0="
        }
      ]
    },
    {
      "mode": "managed",
      "type": "aws_ecr_repository",
      "name": "lambda_Crawling",
      "provider": "provider[\"registry.terraform.io/hashicorp/aws\"]",
      "instances": [
        {
          "schema_version": 0,
          "attributes": {
            "arn": "arn:aws:ecr:ap-northeast-1:823104559115:repository/lambda_crawling",
            "encryption_configuration": [
              {
                "encryption_type": "AES256",
                "kms_key": ""
              }
            ],
            "id": "lambda_crawling",
            "image_scanning_configuration": [
              {
                "scan_on_push": true
              }
            ],
            "image_tag_mutability": "MUTABLE",
            "name": "lambda_crawling",
            "registry_id": "823104559115",
            "repository_url": "823104559115.dkr.ecr.ap-northeast-1.amazonaws.com/lambda_crawling",
            "tags": {},
            "tags_all": {},
            "timeouts": null
          },
          "sensitive_attributes": [],
          "private": "eyJlMmJmYjczMC1lY2FhLTExZTYtOGY4OC0zNDM2M2JjN2M0YzAiOnsiZGVsZXRlIjoxMjAwMDAwMDAwMDAwfX0=",
          "create_before_destroy": true
        }
      ]
    },
    {
      "mode": "managed",
      "type": "aws_ecr_repository",
      "name": "lambda_read_dynamodb",
      "provider": "provider[\"registry.terraform.io/hashicorp/aws\"]",
      "instances": [
        {
          "schema_version": 0,
          "attributes": {
            "arn": "arn:aws:ecr:ap-northeast-1:823104559115:repository/lambda_read_dynamodb",
            "encryption_configuration": [
              {
                "encryption_type": "AES256",
                "kms_key": ""
              }
            ],
            "id": "lambda_read_dynamodb",
            "image_scanning_configuration": [
              {
                "scan_on_push": true
              }
            ],
            "image_tag_mutability": "MUTABLE",
            "name": "lambda_read_dynamodb",
            "registry_id": "823104559115",
            "repository_url": "823104559115.dkr.ecr.ap-northeast-1.amazonaws.com/lambda_read_dynamodb",
            "tags": {},
            "tags_all": {},
            "timeouts": null
          },
          "sensitive_attributes": [],
          "private": "eyJlMmJmYjczMC1lY2FhLTExZTYtOGY4OC0zNDM2M2JjN2M0YzAiOnsiZGVsZXRlIjoxMjAwMDAwMDAwMDAwfX0=",
          "create_before_destroy": true
        }
      ]
    },
    {
      "mode": "managed",
      "type": "aws_iam_role",
      "name": "iam_for_lambda",
      "provider": "provider[\"registry.terraform.io/hashicorp/aws\"]",
      "instances": [
        {
          "schema_version": 0,
          "attributes": {
            "arn": "arn:aws:iam::823104559115:role/iam_for_lambda",
            "assume_role_policy": "{\"Version\":\"2012-10-17\",\"Statement\":[{\"Sid\":\"\",\"Effect\":\"Allow\",\"Principal\":{\"Service\":\"lambda.amazonaws.com\"},\"Action\":\"sts:AssumeRole\"}]}",
            "create_date": "2021-08-24T06:06:15Z",
            "description": "",
            "force_detach_policies": false,
            "id": "iam_for_lambda",
            "inline_policy": [
              {
                "name": "iam_role_policy",
                "policy": "{\n      \"Version\": \"2012-10-17\",\n      \"Statement\": [\n      {\n        \"Sid\": \"VisualEditor1\",\n        \"Effect\": \"Allow\",\n        \"Action\": \"sqs:*\",\n        \"Resource\": \"*\"\n      },\n      {\n        \"Action\": [\n            \"dynamodb:GetItem\",\n            \"dynamodb:PutItem\",\n            \"dynamodb:UpdateItem\",\n            \"dynamodb:DescribeTable\",\n            \"dynamodb:Query\",\n            \"dynamodb:Scan\"\n        ],\n        \"Effect\": \"Allow\",\n        \"Resource\": \"*\"\n      },\n      {\n        \"Effect\": \"Allow\",\n        \"Action\": [\n            \"sqs:ReceiveMessage\",\n            \"sqs:DeleteMessage\",\n            \"sqs:GetQueueAttributes\",\n            \"logs:CreateLogGroup\",\n            \"logs:CreateLogStream\",\n            \"logs:PutLogEvents\"\n        ],\n        \"Resource\": \"*\"\n      },\n      {\n        \"Effect\": \"Allow\",\n        \"Action\": [\n            \"ecr:GetAuthorizationToken\",\n            \"ecr:BatchCheckLayerAvailability\",\n            \"ecr:GetDownloadUrlForLayer\",\n            \"ecr:BatchGetImage\"\n        ],\n        \"Resource\": \"*\"\n      }\n      ]\n}\n"
              }
            ],
            "managed_policy_arns": [],
            "max_session_duration": 3600,
            "name": "iam_for_lambda",
            "name_prefix": null,
            "path": "/",
            "permissions_boundary": null,
            "tags": {},
            "tags_all": {},
            "unique_id": "AROA37JG23AF5AUAASG5X"
          },
          "sensitive_attributes": [],
          "private": "bnVsbA==",
          "create_before_destroy": true
        }
      ]
    },
    {
      "mode": "managed",
      "type": "aws_iam_role_policy",
      "name": "this",
      "provider": "provider[\"registry.terraform.io/hashicorp/aws\"]",
      "instances": [
        {
          "schema_version": 0,
          "attributes": {
            "id": "iam_for_lambda:iam_role_policy",
            "name": "iam_role_policy",
            "name_prefix": null,
            "policy": "{\n      \"Version\": \"2012-10-17\",\n      \"Statement\": [\n      {\n        \"Sid\": \"VisualEditor1\",\n        \"Effect\": \"Allow\",\n        \"Action\": \"sqs:*\",\n        \"Resource\": \"*\"\n      },\n      {\n        \"Action\": [\n            \"dynamodb:GetItem\",\n            \"dynamodb:PutItem\",\n            \"dynamodb:UpdateItem\",\n            \"dynamodb:DescribeTable\",\n            \"dynamodb:Query\",\n            \"dynamodb:Scan\"\n        ],\n        \"Effect\": \"Allow\",\n        \"Resource\": \"*\"\n      },\n      {\n        \"Effect\": \"Allow\",\n        \"Action\": [\n            \"sqs:ReceiveMessage\",\n            \"sqs:DeleteMessage\",\n            \"sqs:GetQueueAttributes\",\n            \"logs:CreateLogGroup\",\n            \"logs:CreateLogStream\",\n            \"logs:PutLogEvents\"\n        ],\n        \"Resource\": \"*\"\n      },\n      {\n        \"Effect\": \"Allow\",\n        \"Action\": [\n            \"ecr:GetAuthorizationToken\",\n            \"ecr:BatchCheckLayerAvailability\",\n            \"ecr:GetDownloadUrlForLayer\",\n            \"ecr:BatchGetImage\"\n        ],\n        \"Resource\": \"*\"\n      }\n      ]\n}\n",
            "role": "iam_for_lambda"
          },
          "sensitive_attributes": [],
          "private": "bnVsbA==",
          "dependencies": [
            "aws_iam_role.iam_for_lambda"
          ]
        }
      ]
    },
    {
      "mode": "managed",
      "type": "aws_lambda_event_source_mapping",
      "name": "sqs_dynamodb",
      "provider": "provider[\"registry.terraform.io/hashicorp/aws\"]",
      "instances": [
        {
          "schema_version": 0,
          "attributes": {
            "batch_size": 10,
            "bisect_batch_on_function_error": false,
            "destination_config": [],
            "enabled": true,
            "event_source_arn": "arn:aws:sqs:ap-northeast-1:823104559115:sqs_dynamodb",
            "function_arn": "arn:aws:lambda:ap-northeast-1:823104559115:function:lambda_Crawling",
            "function_name": "arn:aws:lambda:ap-northeast-1:823104559115:function:lambda_Crawling",
            "function_response_types": null,
            "id": "aa479bf5-9649-4630-b5a0-0534679d6cbc",
            "last_modified": "2021-08-24T06:24:55Z",
            "last_processing_result": "",
            "maximum_batching_window_in_seconds": 0,
            "maximum_record_age_in_seconds": 0,
            "maximum_retry_attempts": 0,
            "parallelization_factor": 0,
            "queues": null,
            "self_managed_event_source": [],
            "source_access_configuration": [],
            "starting_position": "",
            "starting_position_timestamp": "",
            "state": "Enabled",
            "state_transition_reason": "USER_INITIATED",
            "topics": null,
            "tumbling_window_in_seconds": 0,
            "uuid": "aa479bf5-9649-4630-b5a0-0534679d6cbc"
          },
          "sensitive_attributes": [],
          "private": "bnVsbA==",
          "dependencies": [
            "aws_ecr_repository.lambda_Crawling",
            "aws_iam_role.iam_for_lambda",
            "aws_lambda_function.lambda_Crawling",
            "aws_sqs_queue.sqs_dynamodb",
            "null_resource.ecr_lambda_push"
          ]
        }
      ]
    },
    {
      "mode": "managed",
      "type": "aws_lambda_event_source_mapping",
      "name": "sqs_stock_check",
      "provider": "provider[\"registry.terraform.io/hashicorp/aws\"]",
      "instances": [
        {
          "schema_version": 0,
          "attributes": {
            "batch_size": 10,
            "bisect_batch_on_function_error": false,
            "destination_config": [],
            "enabled": true,
            "event_source_arn": "arn:aws:sqs:ap-northeast-1:823104559115:sqs_stock_check",
            "function_arn": "arn:aws:lambda:ap-northeast-1:823104559115:function:lambda_Check",
            "function_name": "arn:aws:lambda:ap-northeast-1:823104559115:function:lambda_Check",
            "function_response_types": [],
            "id": "aa75e038-5b2e-467a-8b17-8cbd9615aa24",
            "last_modified": "2021-08-24T06:11:45Z",
            "last_processing_result": "",
            "maximum_batching_window_in_seconds": 0,
            "maximum_record_age_in_seconds": 0,
            "maximum_retry_attempts": 0,
            "parallelization_factor": 0,
            "queues": [],
            "self_managed_event_source": [],
            "source_access_configuration": [],
            "starting_position": "",
            "starting_position_timestamp": "",
            "state": "Enabled",
            "state_transition_reason": "USER_INITIATED",
            "topics": [],
            "tumbling_window_in_seconds": 0,
            "uuid": "aa75e038-5b2e-467a-8b17-8cbd9615aa24"
          },
          "sensitive_attributes": [],
          "private": "bnVsbA==",
          "dependencies": [
            "aws_ecr_repository.lambda_Check",
            "aws_iam_role.iam_for_lambda",
            "aws_lambda_function.lambda_Check",
            "aws_sqs_queue.sqs_stock_check",
            "null_resource.ecr_lambda_push"
          ]
        }
      ]
    },
    {
      "mode": "managed",
      "type": "aws_lambda_function",
      "name": "lambda_Check",
      "provider": "provider[\"registry.terraform.io/hashicorp/aws\"]",
      "instances": [
        {
          "schema_version": 0,
          "attributes": {
            "arn": "arn:aws:lambda:ap-northeast-1:823104559115:function:lambda_Check",
            "code_signing_config_arn": "",
            "dead_letter_config": [],
            "description": "",
            "environment": [],
            "file_system_config": [],
            "filename": null,
            "function_name": "lambda_Check",
            "handler": "",
            "id": "lambda_Check",
            "image_config": [],
            "image_uri": "823104559115.dkr.ecr.ap-northeast-1.amazonaws.com/lambda_check:latest",
            "invoke_arn": "arn:aws:apigateway:ap-northeast-1:lambda:path/2015-03-31/functions/arn:aws:lambda:ap-northeast-1:823104559115:function:lambda_Check/invocations",
            "kms_key_arn": "",
            "last_modified": "2021-08-24T06:11:15.803+0000",
            "layers": [],
            "memory_size": 384,
            "package_type": "Image",
            "publish": false,
            "qualified_arn": "arn:aws:lambda:ap-northeast-1:823104559115:function:lambda_Check:$LATEST",
            "reserved_concurrent_executions": -1,
            "role": "arn:aws:iam::823104559115:role/iam_for_lambda",
            "runtime": "",
            "s3_bucket": null,
            "s3_key": null,
            "s3_object_version": null,
            "signing_job_arn": "",
            "signing_profile_version_arn": "",
            "source_code_hash": "3a0a83087ac84e36563738059433c30a2eca525d7fc30d705147594b7e247e8f",
            "source_code_size": 0,
            "tags": {},
            "tags_all": {},
            "timeout": 300,
            "timeouts": null,
            "tracing_config": [
              {
                "mode": "PassThrough"
              }
            ],
            "version": "$LATEST",
            "vpc_config": []
          },
          "sensitive_attributes": [],
          "private": "eyJlMmJmYjczMC1lY2FhLTExZTYtOGY4OC0zNDM2M2JjN2M0YzAiOnsiY3JlYXRlIjo2MDAwMDAwMDAwMDB9fQ==",
          "dependencies": [
            "aws_ecr_repository.lambda_Check",
            "aws_iam_role.iam_for_lambda",
            "null_resource.ecr_lambda_push"
          ]
        }
      ]
    },
    {
      "mode": "managed",
      "type": "aws_lambda_function",
      "name": "lambda_Crawling",
      "provider": "provider[\"registry.terraform.io/hashicorp/aws\"]",
      "instances": [
        {
          "schema_version": 0,
          "attributes": {
            "arn": "arn:aws:lambda:ap-northeast-1:823104559115:function:lambda_Crawling",
            "code_signing_config_arn": "",
            "dead_letter_config": [],
            "description": "",
            "environment": [],
            "file_system_config": [],
            "filename": null,
            "function_name": "lambda_Crawling",
            "handler": "",
            "id": "lambda_Crawling",
            "image_config": [],
            "image_uri": "823104559115.dkr.ecr.ap-northeast-1.amazonaws.com/lambda_crawling:latest",
            "invoke_arn": "arn:aws:apigateway:ap-northeast-1:lambda:path/2015-03-31/functions/arn:aws:lambda:ap-northeast-1:823104559115:function:lambda_Crawling/invocations",
            "kms_key_arn": "",
            "last_modified": "2021-08-24T06:24:25.842+0000",
            "layers": null,
            "memory_size": 4000,
            "package_type": "Image",
            "publish": false,
            "qualified_arn": "arn:aws:lambda:ap-northeast-1:823104559115:function:lambda_Crawling:$LATEST",
            "reserved_concurrent_executions": -1,
            "role": "arn:aws:iam::823104559115:role/iam_for_lambda",
            "runtime": "",
            "s3_bucket": null,
            "s3_key": null,
            "s3_object_version": null,
            "signing_job_arn": "",
            "signing_profile_version_arn": "",
            "source_code_hash": "ee1e3edbb463beed27c5cd43fec64d7d8d5250690037ce456473ccba3ec00ddf",
            "source_code_size": 0,
            "tags": null,
            "tags_all": {},
            "timeout": 300,
            "timeouts": null,
            "tracing_config": [
              {
                "mode": "PassThrough"
              }
            ],
            "version": "$LATEST",
            "vpc_config": []
          },
          "sensitive_attributes": [],
          "private": "eyJlMmJmYjczMC1lY2FhLTExZTYtOGY4OC0zNDM2M2JjN2M0YzAiOnsiY3JlYXRlIjo2MDAwMDAwMDAwMDB9fQ==",
          "dependencies": [
            "aws_ecr_repository.lambda_Crawling",
            "aws_iam_role.iam_for_lambda",
            "null_resource.ecr_lambda_push"
          ],
          "create_before_destroy": true
        }
      ]
    },
    {
      "mode": "managed",
      "type": "aws_lambda_function",
      "name": "lambda_read_dynamodb",
      "provider": "provider[\"registry.terraform.io/hashicorp/aws\"]",
      "instances": [
        {
          "schema_version": 0,
          "attributes": {
            "arn": "arn:aws:lambda:ap-northeast-1:823104559115:function:lambda_read_dynamodb",
            "code_signing_config_arn": "",
            "dead_letter_config": [],
            "description": "",
            "environment": [],
            "file_system_config": [],
            "filename": null,
            "function_name": "lambda_read_dynamodb",
            "handler": "",
            "id": "lambda_read_dynamodb",
            "image_config": [],
            "image_uri": "823104559115.dkr.ecr.ap-northeast-1.amazonaws.com/lambda_read_dynamodb:latest",
            "invoke_arn": "arn:aws:apigateway:ap-northeast-1:lambda:path/2015-03-31/functions/arn:aws:lambda:ap-northeast-1:823104559115:function:lambda_read_dynamodb/invocations",
            "kms_key_arn": "",
            "last_modified": "2021-08-24T06:11:16.036+0000",
            "layers": [],
            "memory_size": 128,
            "package_type": "Image",
            "publish": false,
            "qualified_arn": "arn:aws:lambda:ap-northeast-1:823104559115:function:lambda_read_dynamodb:$LATEST",
            "reserved_concurrent_executions": -1,
            "role": "arn:aws:iam::823104559115:role/iam_for_lambda",
            "runtime": "",
            "s3_bucket": null,
            "s3_key": null,
            "s3_object_version": null,
            "signing_job_arn": "",
            "signing_profile_version_arn": "",
            "source_code_hash": "ffa1c7a3c846f8ac763604104b9abb438d6c8678a81e0b11ea16bb1b034120df",
            "source_code_size": 0,
            "tags": {},
            "tags_all": {},
            "timeout": 3,
            "timeouts": null,
            "tracing_config": [
              {
                "mode": "PassThrough"
              }
            ],
            "version": "$LATEST",
            "vpc_config": []
          },
          "sensitive_attributes": [],
          "private": "eyJlMmJmYjczMC1lY2FhLTExZTYtOGY4OC0zNDM2M2JjN2M0YzAiOnsiY3JlYXRlIjo2MDAwMDAwMDAwMDB9fQ==",
          "dependencies": [
            "aws_ecr_repository.lambda_read_dynamodb",
            "aws_iam_role.iam_for_lambda",
            "null_resource.ecr_lambda_push"
          ],
          "create_before_destroy": true
        }
      ]
    },
    {
      "mode": "managed",
      "type": "aws_sqs_queue",
      "name": "sqs_dynamodb",
      "provider": "provider[\"registry.terraform.io/hashicorp/aws\"]",
      "instances": [
        {
          "schema_version": 0,
          "attributes": {
            "arn": "arn:aws:sqs:ap-northeast-1:823104559115:sqs_dynamodb",
            "content_based_deduplication": false,
            "deduplication_scope": "",
            "delay_seconds": 0,
            "fifo_queue": false,
            "fifo_throughput_limit": "",
            "id": "https://sqs.ap-northeast-1.amazonaws.com/823104559115/sqs_dynamodb",
            "kms_data_key_reuse_period_seconds": 300,
            "kms_master_key_id": "",
            "max_message_size": 262144,
            "message_retention_seconds": 345600,
            "name": "sqs_dynamodb",
            "name_prefix": "",
            "policy": "",
            "receive_wait_time_seconds": 0,
            "redrive_policy": "",
            "tags": {},
            "tags_all": {},
            "url": "https://sqs.ap-northeast-1.amazonaws.com/823104559115/sqs_dynamodb",
            "visibility_timeout_seconds": 300
          },
          "sensitive_attributes": [],
          "private": "bnVsbA=="
        }
      ]
    },
    {
      "mode": "managed",
      "type": "aws_sqs_queue",
      "name": "sqs_stock_check",
      "provider": "provider[\"registry.terraform.io/hashicorp/aws\"]",
      "instances": [
        {
          "schema_version": 0,
          "attributes": {
            "arn": "arn:aws:sqs:ap-northeast-1:823104559115:sqs_stock_check",
            "content_based_deduplication": false,
            "deduplication_scope": "",
            "delay_seconds": 0,
            "fifo_queue": false,
            "fifo_throughput_limit": "",
            "id": "https://sqs.ap-northeast-1.amazonaws.com/823104559115/sqs_stock_check",
            "kms_data_key_reuse_period_seconds": 300,
            "kms_master_key_id": "",
            "max_message_size": 262144,
            "message_retention_seconds": 345600,
            "name": "sqs_stock_check",
            "name_prefix": "",
            "policy": "",
            "receive_wait_time_seconds": 0,
            "redrive_policy": "",
            "tags": {},
            "tags_all": {},
            "url": "https://sqs.ap-northeast-1.amazonaws.com/823104559115/sqs_stock_check",
            "visibility_timeout_seconds": 300
          },
          "sensitive_attributes": [],
          "private": "bnVsbA=="
        }
      ]
    },
    {
      "mode": "managed",
      "type": "null_resource",
      "name": "ecr_lambda_push",
      "provider": "provider[\"registry.terraform.io/hashicorp/null\"]",
      "instances": [
        {
          "schema_version": 0,
          "attributes": {
            "id": "8080651662791474738",
            "triggers": null
          },
          "sensitive_attributes": [],
          "private": "bnVsbA==",
          "create_before_destroy": true
        }
      ]
    }
  ]
}
